
Microsoft Visual Studio Solution File, Format Version 12.00
# Visual Studio Version 16
VisualStudioVersion = 16.0.31424.327
MinimumVisualStudioVersion = 10.0.40219.1
Project("{FAE04EC0-301F-11D3-BF4B-00C04F79EFBC}") = "Biblioteca", "Biblioteca\Biblioteca.csproj", "{2646BD43-6E00-4349-8B06-A33E24EA28D4}"
EndProject
Project("{FAE04EC0-301F-11D3-BF4B-00C04F79EFBC}") = "Consola", "Consola\Consola.csproj", "{EE0A4AA7-93A2-4CAB-A7B6-3394DD664C09}"
EndProject
Global
	GlobalSection(SolutionConfigurationPlatforms) = preSolution
		Debug|Any CPU = Debug|Any CPU
		Release|Any CPU = Release|Any CPU
	EndGlobalSection
	GlobalSection(ProjectConfigurationPlatforms) = postSolution
		{2646BD43-6E00-4349-8B06-A33E24EA28D4}.Debug|Any CPU.ActiveCfg = Debug|Any CPU
		{2646BD43-6E00-4349-8B06-A33E24EA28D4}.Debug|Any CPU.Build.0 = Debug|Any CPU
		{2646BD43-6E00-4349-8B06-A33E24EA28D4}.Release|Any CPU.ActiveCfg = Release|Any CPU
		{2646BD43-6E00-4349-8B06-A33E24EA28D4}.Release|Any CPU.Build.0 = Release|Any CPU
		{EE0A4AA7-93A2-4CAB-A7B6-3394DD664C09}.Debug|Any CPU.ActiveCfg = Debug|Any CPU
		{EE0A4AA7-93A2-4CAB-A7B6-3394DD664C09}.Debug|Any CPU.Build.0 = Debug|Any CPU
		{EE0A4AA7-93A2-4CAB-A7B6-3394DD664C09}.Release|Any CPU.ActiveCfg = Release|Any CPU
		{EE0A4AA7-93A2-4CAB-A7B6-3394DD664C09}.Release|Any CPU.Build.0 = Release|Any CPU
	EndGlobalSection
	GlobalSection(SolutionProperties) = preSolution
		HideSolutionNode = FALSE
	EndGlobalSection
	GlobalSection(ExtensibilityGlobals) = postSolution
		SolutionGuid = {D2D4CA53-951F-42F1-8990-940AA6DB394D}
	EndGlobalSection
EndGlobal
