
Microsoft Visual Studio Solution File, Format Version 12.00
# Visual Studio Version 16
VisualStudioVersion = 16.0.31424.327
MinimumVisualStudioVersion = 10.0.40219.1
Project("{FAE04EC0-301F-11D3-BF4B-00C04F79EFBC}") = "Consola", "Consola\Consola.csproj", "{57540CAC-D5DB-4C78-A6A1-01EB8DF92B44}"
EndProject
Global
	GlobalSection(SolutionConfigurationPlatforms) = preSolution
		Debug|Any CPU = Debug|Any CPU
		Release|Any CPU = Release|Any CPU
	EndGlobalSection
	GlobalSection(ProjectConfigurationPlatforms) = postSolution
		{57540CAC-D5DB-4C78-A6A1-01EB8DF92B44}.Debug|Any CPU.ActiveCfg = Debug|Any CPU
		{57540CAC-D5DB-4C78-A6A1-01EB8DF92B44}.Debug|Any CPU.Build.0 = Debug|Any CPU
		{57540CAC-D5DB-4C78-A6A1-01EB8DF92B44}.Release|Any CPU.ActiveCfg = Release|Any CPU
		{57540CAC-D5DB-4C78-A6A1-01EB8DF92B44}.Release|Any CPU.Build.0 = Release|Any CPU
	EndGlobalSection
	GlobalSection(SolutionProperties) = preSolution
		HideSolutionNode = FALSE
	EndGlobalSection
	GlobalSection(ExtensibilityGlobals) = postSolution
		SolutionGuid = {5A4E9BD8-F880-450C-A94B-42E891363D75}
	EndGlobalSection
EndGlobal
