
Microsoft Visual Studio Solution File, Format Version 12.00
# Visual Studio 2012
Project("{FAE04EC0-301F-11D3-BF4B-00C04F79EFBC}") = "Clase_2", "Clase_2\Clase_2.csproj", "{C6BD3F2D-9430-426F-BF1E-C10F6C640DBD}"
EndProject
Global
	GlobalSection(SolutionConfigurationPlatforms) = preSolution
		Debug|Any CPU = Debug|Any CPU
		Release|Any CPU = Release|Any CPU
	EndGlobalSection
	GlobalSection(ProjectConfigurationPlatforms) = postSolution
		{C6BD3F2D-9430-426F-BF1E-C10F6C640DBD}.Debug|Any CPU.ActiveCfg = Debug|Any CPU
		{C6BD3F2D-9430-426F-BF1E-C10F6C640DBD}.Debug|Any CPU.Build.0 = Debug|Any CPU
		{C6BD3F2D-9430-426F-BF1E-C10F6C640DBD}.Release|Any CPU.ActiveCfg = Release|Any CPU
		{C6BD3F2D-9430-426F-BF1E-C10F6C640DBD}.Release|Any CPU.Build.0 = Release|Any CPU
	EndGlobalSection
	GlobalSection(SolutionProperties) = preSolution
		HideSolutionNode = FALSE
	EndGlobalSection
EndGlobal
