
Microsoft Visual Studio Solution File, Format Version 12.00
# Visual Studio 2012
Project("{FAE04EC0-301F-11D3-BF4B-00C04F79EFBC}") = "Clase_1", "Clase_1\Clase_1.csproj", "{91A05B74-B7BE-452A-BEF8-EB15F0AC8C48}"
EndProject
Global
	GlobalSection(SolutionConfigurationPlatforms) = preSolution
		Debug|Any CPU = Debug|Any CPU
		Release|Any CPU = Release|Any CPU
	EndGlobalSection
	GlobalSection(ProjectConfigurationPlatforms) = postSolution
		{91A05B74-B7BE-452A-BEF8-EB15F0AC8C48}.Debug|Any CPU.ActiveCfg = Debug|Any CPU
		{91A05B74-B7BE-452A-BEF8-EB15F0AC8C48}.Debug|Any CPU.Build.0 = Debug|Any CPU
		{91A05B74-B7BE-452A-BEF8-EB15F0AC8C48}.Release|Any CPU.ActiveCfg = Release|Any CPU
		{91A05B74-B7BE-452A-BEF8-EB15F0AC8C48}.Release|Any CPU.Build.0 = Release|Any CPU
	EndGlobalSection
	GlobalSection(SolutionProperties) = preSolution
		HideSolutionNode = FALSE
	EndGlobalSection
EndGlobal
