
Microsoft Visual Studio Solution File, Format Version 12.00
# Visual Studio Version 16
VisualStudioVersion = 16.0.31702.278
MinimumVisualStudioVersion = 10.0.40219.1
Project("{FAE04EC0-301F-11D3-BF4B-00C04F79EFBC}") = "Vista", "Vista\Vista.csproj", "{9442E6D1-C34C-412A-9969-08AC714F1293}"
EndProject
Global
	GlobalSection(SolutionConfigurationPlatforms) = preSolution
		Debug|Any CPU = Debug|Any CPU
		Release|Any CPU = Release|Any CPU
	EndGlobalSection
	GlobalSection(ProjectConfigurationPlatforms) = postSolution
		{9442E6D1-C34C-412A-9969-08AC714F1293}.Debug|Any CPU.ActiveCfg = Debug|Any CPU
		{9442E6D1-C34C-412A-9969-08AC714F1293}.Debug|Any CPU.Build.0 = Debug|Any CPU
		{9442E6D1-C34C-412A-9969-08AC714F1293}.Release|Any CPU.ActiveCfg = Release|Any CPU
		{9442E6D1-C34C-412A-9969-08AC714F1293}.Release|Any CPU.Build.0 = Release|Any CPU
	EndGlobalSection
	GlobalSection(SolutionProperties) = preSolution
		HideSolutionNode = FALSE
	EndGlobalSection
	GlobalSection(ExtensibilityGlobals) = postSolution
		SolutionGuid = {138E8724-A346-447E-A560-6AF230E863B3}
	EndGlobalSection
EndGlobal
