
Microsoft Visual Studio Solution File, Format Version 12.00
# Visual Studio Version 16
VisualStudioVersion = 16.0.31424.327
MinimumVisualStudioVersion = 10.0.40219.1
Project("{FAE04EC0-301F-11D3-BF4B-00C04F79EFBC}") = "Formulario", "Formulario\Formulario.csproj", "{51E759B6-F17B-48A7-ACD5-39920BAE8B44}"
EndProject
Global
	GlobalSection(SolutionConfigurationPlatforms) = preSolution
		Debug|Any CPU = Debug|Any CPU
		Release|Any CPU = Release|Any CPU
	EndGlobalSection
	GlobalSection(ProjectConfigurationPlatforms) = postSolution
		{51E759B6-F17B-48A7-ACD5-39920BAE8B44}.Debug|Any CPU.ActiveCfg = Debug|Any CPU
		{51E759B6-F17B-48A7-ACD5-39920BAE8B44}.Debug|Any CPU.Build.0 = Debug|Any CPU
		{51E759B6-F17B-48A7-ACD5-39920BAE8B44}.Release|Any CPU.ActiveCfg = Release|Any CPU
		{51E759B6-F17B-48A7-ACD5-39920BAE8B44}.Release|Any CPU.Build.0 = Release|Any CPU
	EndGlobalSection
	GlobalSection(SolutionProperties) = preSolution
		HideSolutionNode = FALSE
	EndGlobalSection
	GlobalSection(ExtensibilityGlobals) = postSolution
		SolutionGuid = {C263B168-C962-4E38-B33C-128561AACA7F}
	EndGlobalSection
EndGlobal
