
Microsoft Visual Studio Solution File, Format Version 12.00
# Visual Studio 2012
Project("{FAE04EC0-301F-11D3-BF4B-00C04F79EFBC}") = "Clase_9", "Clase_9\Clase_9.csproj", "{910C456A-7AD6-4500-8849-D12CE09CBB4D}"
EndProject
Project("{FAE04EC0-301F-11D3-BF4B-00C04F79EFBC}") = "Clase_9_Library", "Clase_9_Library\Clase_9_Library.csproj", "{01690D54-C282-4FE4-88CC-5A8CC9773400}"
EndProject
Global
	GlobalSection(SolutionConfigurationPlatforms) = preSolution
		Debug|Any CPU = Debug|Any CPU
		Release|Any CPU = Release|Any CPU
	EndGlobalSection
	GlobalSection(ProjectConfigurationPlatforms) = postSolution
		{910C456A-7AD6-4500-8849-D12CE09CBB4D}.Debug|Any CPU.ActiveCfg = Debug|Any CPU
		{910C456A-7AD6-4500-8849-D12CE09CBB4D}.Debug|Any CPU.Build.0 = Debug|Any CPU
		{910C456A-7AD6-4500-8849-D12CE09CBB4D}.Release|Any CPU.ActiveCfg = Release|Any CPU
		{910C456A-7AD6-4500-8849-D12CE09CBB4D}.Release|Any CPU.Build.0 = Release|Any CPU
		{01690D54-C282-4FE4-88CC-5A8CC9773400}.Debug|Any CPU.ActiveCfg = Debug|Any CPU
		{01690D54-C282-4FE4-88CC-5A8CC9773400}.Debug|Any CPU.Build.0 = Debug|Any CPU
		{01690D54-C282-4FE4-88CC-5A8CC9773400}.Release|Any CPU.ActiveCfg = Release|Any CPU
		{01690D54-C282-4FE4-88CC-5A8CC9773400}.Release|Any CPU.Build.0 = Release|Any CPU
	EndGlobalSection
	GlobalSection(SolutionProperties) = preSolution
		HideSolutionNode = FALSE
	EndGlobalSection
EndGlobal
