
Microsoft Visual Studio Solution File, Format Version 12.00
# Visual Studio 2012
Project("{FAE04EC0-301F-11D3-BF4B-00C04F79EFBC}") = "Clase_20", "Clase_20\Clase_20.csproj", "{D714B7EB-D0A3-407B-BAC5-9A628CFC327A}"
EndProject
Project("{FAE04EC0-301F-11D3-BF4B-00C04F79EFBC}") = "Clase_20_Library", "Clase_20_Library\Clase_20_Library.csproj", "{D4127145-D642-4EB8-B4F2-E4C982851931}"
EndProject
Global
	GlobalSection(SolutionConfigurationPlatforms) = preSolution
		Debug|Any CPU = Debug|Any CPU
		Release|Any CPU = Release|Any CPU
	EndGlobalSection
	GlobalSection(ProjectConfigurationPlatforms) = postSolution
		{D714B7EB-D0A3-407B-BAC5-9A628CFC327A}.Debug|Any CPU.ActiveCfg = Debug|Any CPU
		{D714B7EB-D0A3-407B-BAC5-9A628CFC327A}.Debug|Any CPU.Build.0 = Debug|Any CPU
		{D714B7EB-D0A3-407B-BAC5-9A628CFC327A}.Release|Any CPU.ActiveCfg = Release|Any CPU
		{D714B7EB-D0A3-407B-BAC5-9A628CFC327A}.Release|Any CPU.Build.0 = Release|Any CPU
		{D4127145-D642-4EB8-B4F2-E4C982851931}.Debug|Any CPU.ActiveCfg = Debug|Any CPU
		{D4127145-D642-4EB8-B4F2-E4C982851931}.Debug|Any CPU.Build.0 = Debug|Any CPU
		{D4127145-D642-4EB8-B4F2-E4C982851931}.Release|Any CPU.ActiveCfg = Release|Any CPU
		{D4127145-D642-4EB8-B4F2-E4C982851931}.Release|Any CPU.Build.0 = Release|Any CPU
	EndGlobalSection
	GlobalSection(SolutionProperties) = preSolution
		HideSolutionNode = FALSE
	EndGlobalSection
EndGlobal
