
Microsoft Visual Studio Solution File, Format Version 12.00
# Visual Studio 2012
Project("{FAE04EC0-301F-11D3-BF4B-00C04F79EFBC}") = "Clase_11", "Clase_11\Clase_11.csproj", "{9BC0188D-7997-4105-9EA3-DD503EE48E3B}"
EndProject
Project("{FAE04EC0-301F-11D3-BF4B-00C04F79EFBC}") = "Clase_11_Library", "Clase_11_Library\Clase_11_Library.csproj", "{1983B77C-BCD4-4900-B2CC-E673F5AC3812}"
EndProject
Global
	GlobalSection(SolutionConfigurationPlatforms) = preSolution
		Debug|Any CPU = Debug|Any CPU
		Release|Any CPU = Release|Any CPU
	EndGlobalSection
	GlobalSection(ProjectConfigurationPlatforms) = postSolution
		{9BC0188D-7997-4105-9EA3-DD503EE48E3B}.Debug|Any CPU.ActiveCfg = Debug|Any CPU
		{9BC0188D-7997-4105-9EA3-DD503EE48E3B}.Debug|Any CPU.Build.0 = Debug|Any CPU
		{9BC0188D-7997-4105-9EA3-DD503EE48E3B}.Release|Any CPU.ActiveCfg = Release|Any CPU
		{9BC0188D-7997-4105-9EA3-DD503EE48E3B}.Release|Any CPU.Build.0 = Release|Any CPU
		{1983B77C-BCD4-4900-B2CC-E673F5AC3812}.Debug|Any CPU.ActiveCfg = Debug|Any CPU
		{1983B77C-BCD4-4900-B2CC-E673F5AC3812}.Debug|Any CPU.Build.0 = Debug|Any CPU
		{1983B77C-BCD4-4900-B2CC-E673F5AC3812}.Release|Any CPU.ActiveCfg = Release|Any CPU
		{1983B77C-BCD4-4900-B2CC-E673F5AC3812}.Release|Any CPU.Build.0 = Release|Any CPU
	EndGlobalSection
	GlobalSection(SolutionProperties) = preSolution
		HideSolutionNode = FALSE
	EndGlobalSection
EndGlobal
