
Microsoft Visual Studio Solution File, Format Version 12.00
# Visual Studio 2012
Project("{FAE04EC0-301F-11D3-BF4B-00C04F79EFBC}") = "Clase_19", "Clase_19\Clase_19.csproj", "{05C69C3C-7948-4264-B78F-FA9096E451B4}"
EndProject
Project("{FAE04EC0-301F-11D3-BF4B-00C04F79EFBC}") = "Clase_19_Archivos", "Clase_19_Archivos\Clase_19_Archivos.csproj", "{BE9CADB5-7618-4345-A518-032B42EEB34A}"
EndProject
Global
	GlobalSection(SolutionConfigurationPlatforms) = preSolution
		Debug|Any CPU = Debug|Any CPU
		Release|Any CPU = Release|Any CPU
	EndGlobalSection
	GlobalSection(ProjectConfigurationPlatforms) = postSolution
		{05C69C3C-7948-4264-B78F-FA9096E451B4}.Debug|Any CPU.ActiveCfg = Debug|Any CPU
		{05C69C3C-7948-4264-B78F-FA9096E451B4}.Debug|Any CPU.Build.0 = Debug|Any CPU
		{05C69C3C-7948-4264-B78F-FA9096E451B4}.Release|Any CPU.ActiveCfg = Release|Any CPU
		{05C69C3C-7948-4264-B78F-FA9096E451B4}.Release|Any CPU.Build.0 = Release|Any CPU
		{BE9CADB5-7618-4345-A518-032B42EEB34A}.Debug|Any CPU.ActiveCfg = Debug|Any CPU
		{BE9CADB5-7618-4345-A518-032B42EEB34A}.Debug|Any CPU.Build.0 = Debug|Any CPU
		{BE9CADB5-7618-4345-A518-032B42EEB34A}.Release|Any CPU.ActiveCfg = Release|Any CPU
		{BE9CADB5-7618-4345-A518-032B42EEB34A}.Release|Any CPU.Build.0 = Release|Any CPU
	EndGlobalSection
	GlobalSection(SolutionProperties) = preSolution
		HideSolutionNode = FALSE
	EndGlobalSection
EndGlobal
