
Microsoft Visual Studio Solution File, Format Version 12.00
# Visual Studio 2012
Project("{FAE04EC0-301F-11D3-BF4B-00C04F79EFBC}") = "Clase_3", "Clase_3\Clase_3.csproj", "{A716DCE7-CB7F-4151-8772-7B01EA4FFEBC}"
EndProject
Global
	GlobalSection(SolutionConfigurationPlatforms) = preSolution
		Debug|Any CPU = Debug|Any CPU
		Release|Any CPU = Release|Any CPU
	EndGlobalSection
	GlobalSection(ProjectConfigurationPlatforms) = postSolution
		{A716DCE7-CB7F-4151-8772-7B01EA4FFEBC}.Debug|Any CPU.ActiveCfg = Debug|Any CPU
		{A716DCE7-CB7F-4151-8772-7B01EA4FFEBC}.Debug|Any CPU.Build.0 = Debug|Any CPU
		{A716DCE7-CB7F-4151-8772-7B01EA4FFEBC}.Release|Any CPU.ActiveCfg = Release|Any CPU
		{A716DCE7-CB7F-4151-8772-7B01EA4FFEBC}.Release|Any CPU.Build.0 = Release|Any CPU
	EndGlobalSection
	GlobalSection(SolutionProperties) = preSolution
		HideSolutionNode = FALSE
	EndGlobalSection
EndGlobal
